PODS:
  - Flutter (1.0.0)
  - GoogleMobileVision/Detector (1.6.0):
    - GoogleToolboxForMac/Logger (~> 2.1)
    - "GoogleToolboxForMac/NSData+zlib (~> 2.1)"
    - GTMSessionFetcher/Core (~> 1.1)
    - Protobuf (~> 3.1)
  - GoogleMobileVision/FaceDetector (1.6.0):
    - GoogleMobileVision/Detector (~> 1.6)
  - GoogleMobileVision/MVDataOutput (1.6.0):
    - GoogleMobileVision/Detector (~> 1.6)
  - GoogleMobileVision/TextDetector (1.6.0):
    - GoogleMobileVision/Detector (~> 1.6)
  - GoogleToolboxForMac/Defines (2.3.1)
  - GoogleToolboxForMac/Logger (2.3.1):
    - GoogleToolboxForMac/Defines (= 2.3.1)
  - "GoogleToolboxForMac/NSData+zlib (2.3.1)":
    - GoogleToolboxForMac/Defines (= 2.3.1)
  - GTMSessionFetcher/Core (1.6.1)
  - path_provider (0.0.1):
    - Flutter
  - Protobuf (3.17.0)
  - selfie_ocr_mtpl (0.0.1):
    - Flutter
    - GoogleMobileVision/FaceDetector
    - GoogleMobileVision/MVDataOutput
    - GoogleMobileVision/TextDetector

DEPENDENCIES:
  - Flutter (from `Flutter`)
  - path_provider (from `.symlinks/plugins/path_provider/ios`)
  - selfie_ocr_mtpl (from `.symlinks/plugins/selfie_ocr_mtpl/ios`)

SPEC REPOS:
  trunk:
    - GoogleMobileVision
    - GoogleToolboxForMac
    - GTMSessionFetcher
    - Protobuf

EXTERNAL SOURCES:
  Flutter:
    :path: Flutter
  path_provider:
    :path: ".symlinks/plugins/path_provider/ios"
  selfie_ocr_mtpl:
    :path: ".symlinks/plugins/selfie_ocr_mtpl/ios"

SPEC CHECKSUMS:
  Flutter: 434fef37c0980e73bb6479ef766c45957d4b510c
  GoogleMobileVision: 31cfb4319fd0c03d80105680abd9eae9da5e3b47
  GoogleToolboxForMac: 471e0c05d39506e50e6398f46fa9a12ae0efeff9
  GTMSessionFetcher: 36689134877faeb055b27dfa4ccc9ceaa42e029e
  path_provider: abfe2b5c733d04e238b0d8691db0cfd63a27a93c
  Protobuf: 7327d4444215b5f18e560a97f879ff5503c4581c
  selfie_ocr_mtpl: 0f9ad045f5fe481dbc405b04c1082a514631b34f

PODFILE CHECKSUM: aafe91acc616949ddb318b77800a7f51bffa2a4c

COCOAPODS: 1.10.2
